
Microsoft Visual Studio Solution File, Format Version 12.00
# Visual Studio Version 16
VisualStudioVersion = 16.0.29920.165
MinimumVisualStudioVersion = 10.0.40219.1
Project("{FAE04EC0-301F-11D3-BF4B-00C04F79EFBC}") = "eUseControl.Web", "eUseControl.Web\eUseControl.Web.csproj", "{687BFCC6-D43E-4167-8948-41F8B289EA09}"
EndProject
Project("{FAE04EC0-301F-11D3-BF4B-00C04F79EFBC}") = "eUseControl.BusinessLogic", "eUseControl.BusinessLogic\eUseControl.BusinessLogic.csproj", "{1A63F53A-E9E5-4BCC-9D65-58F9043E3836}"
EndProject
Project("{FAE04EC0-301F-11D3-BF4B-00C04F79EFBC}") = "eUseControl.Domain", "eUseControl.Domain\eUseControl.Domain.csproj", "{A77D0891-69DC-44A8-B55E-E92F0CD4E4FE}"
EndProject
Project("{FAE04EC0-301F-11D3-BF4B-00C04F79EFBC}") = "eUseControl.Helpers", "eUseControl.Helpers\eUseControl.Helpers.csproj", "{7F23F8C4-174B-4148-9D96-685046D93215}"
EndProject
Global
	GlobalSection(SolutionConfigurationPlatforms) = preSolution
		Debug|Any CPU = Debug|Any CPU
		Release|Any CPU = Release|Any CPU
	EndGlobalSection
	GlobalSection(ProjectConfigurationPlatforms) = postSolution
		{687BFCC6-D43E-4167-8948-41F8B289EA09}.Debug|Any CPU.ActiveCfg = Debug|Any CPU
		{687BFCC6-D43E-4167-8948-41F8B289EA09}.Debug|Any CPU.Build.0 = Debug|Any CPU
		{687BFCC6-D43E-4167-8948-41F8B289EA09}.Release|Any CPU.ActiveCfg = Release|Any CPU
		{687BFCC6-D43E-4167-8948-41F8B289EA09}.Release|Any CPU.Build.0 = Release|Any CPU
		{1A63F53A-E9E5-4BCC-9D65-58F9043E3836}.Debug|Any CPU.ActiveCfg = Debug|Any CPU
		{1A63F53A-E9E5-4BCC-9D65-58F9043E3836}.Debug|Any CPU.Build.0 = Debug|Any CPU
		{1A63F53A-E9E5-4BCC-9D65-58F9043E3836}.Release|Any CPU.ActiveCfg = Release|Any CPU
		{1A63F53A-E9E5-4BCC-9D65-58F9043E3836}.Release|Any CPU.Build.0 = Release|Any CPU
		{A77D0891-69DC-44A8-B55E-E92F0CD4E4FE}.Debug|Any CPU.ActiveCfg = Debug|Any CPU
		{A77D0891-69DC-44A8-B55E-E92F0CD4E4FE}.Debug|Any CPU.Build.0 = Debug|Any CPU
		{A77D0891-69DC-44A8-B55E-E92F0CD4E4FE}.Release|Any CPU.ActiveCfg = Release|Any CPU
		{A77D0891-69DC-44A8-B55E-E92F0CD4E4FE}.Release|Any CPU.Build.0 = Release|Any CPU
		{7F23F8C4-174B-4148-9D96-685046D93215}.Debug|Any CPU.ActiveCfg = Debug|Any CPU
		{7F23F8C4-174B-4148-9D96-685046D93215}.Debug|Any CPU.Build.0 = Debug|Any CPU
		{7F23F8C4-174B-4148-9D96-685046D93215}.Release|Any CPU.ActiveCfg = Release|Any CPU
		{7F23F8C4-174B-4148-9D96-685046D93215}.Release|Any CPU.Build.0 = Release|Any CPU
	EndGlobalSection
	GlobalSection(SolutionProperties) = preSolution
		HideSolutionNode = FALSE
	EndGlobalSection
	GlobalSection(ExtensibilityGlobals) = postSolution
		SolutionGuid = {0170BD42-641D-45D6-B2FB-9848D4A3A4A3}
	EndGlobalSection
EndGlobal
